// !$*UTF8*$!
{
	archiveVersion = 1;
	classes = {
	};
	objectVersion = 51;
	objects = {

/* Begin PBXBuildFile section */
		421365FC25227B0700EFFD65 /* WelcomeViewController.swift in Sources */ = {isa = PBXBuildFile; fileRef = 421365FB25227B0700EFFD65 /* WelcomeViewController.swift */; };
		425EA025252276B8003AE276 /* AppDelegate.swift in Sources */ = {isa = PBXBuildFile; fileRef = 425EA024252276B8003AE276 /* AppDelegate.swift */; };
		425EA027252276B8003AE276 /* SceneDelegate.swift in Sources */ = {isa = PBXBuildFile; fileRef = 425EA026252276B8003AE276 /* SceneDelegate.swift */; };
		425EA029252276B8003AE276 /* ViewController.swift in Sources */ = {isa = PBXBuildFile; fileRef = 425EA028252276B8003AE276 /* ViewController.swift */; };
		425EA02C252276B8003AE276 /* Main.storyboard in Resources */ = {isa = PBXBuildFile; fileRef = 425EA02A252276B8003AE276 /* Main.storyboard */; };
		425EA02E252276BB003AE276 /* Assets.xcassets in Resources */ = {isa = PBXBuildFile; fileRef = 425EA02D252276BB003AE276 /* Assets.xcassets */; };
		425EA031252276BB003AE276 /* LaunchScreen.storyboard in Resources */ = {isa = PBXBuildFile; fileRef = 425EA02F252276BB003AE276 /* LaunchScreen.storyboard */; };
		49DC84917BCF642F5853CB76 /* Pods_taskTracker.framework in Frameworks */ = {isa = PBXBuildFile; fileRef = 44953741424F4DE098187634 /* Pods_taskTracker.framework */; };
/* End PBXBuildFile section */

/* Begin PBXFileReference section */
		421365FB25227B0700EFFD65 /* WelcomeViewController.swift */ = {isa = PBXFileReference; lastKnownFileType = sourcecode.swift; path = WelcomeViewController.swift; sourceTree = "<group>"; };
		425EA021252276B8003AE276 /* taskTracker.app */ = {isa = PBXFileReference; explicitFileType = wrapper.application; includeInIndex = 0; path = taskTracker.app; sourceTree = BUILT_PRODUCTS_DIR; };
		425EA024252276B8003AE276 /* AppDelegate.swift */ = {isa = PBXFileReference; lastKnownFileType = sourcecode.swift; path = AppDelegate.swift; sourceTree = "<group>"; };
		425EA026252276B8003AE276 /* SceneDelegate.swift */ = {isa = PBXFileReference; lastKnownFileType = sourcecode.swift; path = SceneDelegate.swift; sourceTree = "<group>"; };
		425EA028252276B8003AE276 /* ViewController.swift */ = {isa = PBXFileReference; lastKnownFileType = sourcecode.swift; path = ViewController.swift; sourceTree = "<group>"; };
		425EA02B252276B8003AE276 /* Base */ = {isa = PBXFileReference; lastKnownFileType = file.storyboard; name = Base; path = Base.lproj/Main.storyboard; sourceTree = "<group>"; };
		425EA02D252276BB003AE276 /* Assets.xcassets */ = {isa = PBXFileReference; lastKnownFileType = folder.assetcatalog; path = Assets.xcassets; sourceTree = "<group>"; };
		425EA030252276BB003AE276 /* Base */ = {isa = PBXFileReference; lastKnownFileType = file.storyboard; name = Base; path = Base.lproj/LaunchScreen.storyboard; sourceTree = "<group>"; };
		425EA032252276BB003AE276 /* Info.plist */ = {isa = PBXFileReference; lastKnownFileType = text.plist.xml; path = Info.plist; sourceTree = "<group>"; };
		44953741424F4DE098187634 /* Pods_taskTracker.framework */ = {isa = PBXFileReference; explicitFileType = wrapper.framework; includeInIndex = 0; path = Pods_taskTracker.framework; sourceTree = BUILT_PRODUCTS_DIR; };
		4830527FA5403ECD81E0BD70 /* Pods-taskTracker.release.xcconfig */ = {isa = PBXFileReference; includeInIndex = 1; lastKnownFileType = text.xcconfig; name = "Pods-taskTracker.release.xcconfig"; path = "Target Support Files/Pods-taskTracker/Pods-taskTracker.release.xcconfig"; sourceTree = "<group>"; };
		7B9FD9EED044CCC9470F9C67 /* Pods-taskTracker.debug.xcconfig */ = {isa = PBXFileReference; includeInIndex = 1; lastKnownFileType = text.xcconfig; name = "Pods-taskTracker.debug.xcconfig"; path = "Target Support Files/Pods-taskTracker/Pods-taskTracker.debug.xcconfig"; sourceTree = "<group>"; };
/* End PBXFileReference section */

/* Begin PBXFrameworksBuildPhase section */
		425EA01E252276B8003AE276 /* Frameworks */ = {
			isa = PBXFrameworksBuildPhase;
			buildActionMask = 2147483647;
			files = (
				49DC84917BCF642F5853CB76 /* Pods_taskTracker.framework in Frameworks */,
			);
			runOnlyForDeploymentPostprocessing = 0;
		};
/* End PBXFrameworksBuildPhase section */

/* Begin PBXGroup section */
		425EA018252276B8003AE276 = {
			isa = PBXGroup;
			children = (
				425EA023252276B8003AE276 /* taskTracker */,
				425EA022252276B8003AE276 /* Products */,
				9B676720E3111730D89C4DCE /* Pods */,
				B36E9998E3A92CE514061322 /* Frameworks */,
			);
			sourceTree = "<group>";
		};
		425EA022252276B8003AE276 /* Products */ = {
			isa = PBXGroup;
			children = (
				425EA021252276B8003AE276 /* taskTracker.app */,
			);
			name = Products;
			sourceTree = "<group>";
		};
		425EA023252276B8003AE276 /* taskTracker */ = {
			isa = PBXGroup;
			children = (
				425EA024252276B8003AE276 /* AppDelegate.swift */,
				425EA026252276B8003AE276 /* SceneDelegate.swift */,
				421365FB25227B0700EFFD65 /* WelcomeViewController.swift */,
				425EA028252276B8003AE276 /* ViewController.swift */,
				425EA02A252276B8003AE276 /* Main.storyboard */,
				425EA02D252276BB003AE276 /* Assets.xcassets */,
				425EA02F252276BB003AE276 /* LaunchScreen.storyboard */,
				425EA032252276BB003AE276 /* Info.plist */,
			);
			path = taskTracker;
			sourceTree = "<group>";
		};
		9B676720E3111730D89C4DCE /* Pods */ = {
			isa = PBXGroup;
			children = (
				7B9FD9EED044CCC9470F9C67 /* Pods-taskTracker.debug.xcconfig */,
				4830527FA5403ECD81E0BD70 /* Pods-taskTracker.release.xcconfig */,
			);
			path = Pods;
			sourceTree = "<group>";
		};
		B36E9998E3A92CE514061322 /* Frameworks */ = {
			isa = PBXGroup;
			children = (
				44953741424F4DE098187634 /* Pods_taskTracker.framework */,
			);
			name = Frameworks;
			sourceTree = "<group>";
		};
/* End PBXGroup section */

/* Begin PBXNativeTarget section */
		425EA020252276B8003AE276 /* taskTracker */ = {
			isa = PBXNativeTarget;
			buildConfigurationList = 425EA035252276BB003AE276 /* Build configuration list for PBXNativeTarget "taskTracker" */;
			buildPhases = (
				483026E3FDF21F48F28EFA05 /* [CP] Check Pods Manifest.lock */,
				425EA01D252276B8003AE276 /* Sources */,
				425EA01E252276B8003AE276 /* Frameworks */,
				425EA01F252276B8003AE276 /* Resources */,
				FE31C2FACDEF02718B0B6BEB /* [CP] Embed Pods Frameworks */,
			);
			buildRules = (
			);
			dependencies = (
			);
			name = taskTracker;
			productName = taskTracker;
			productReference = 425EA021252276B8003AE276 /* taskTracker.app */;
			productType = "com.apple.product-type.application";
		};
/* End PBXNativeTarget section */

/* Begin PBXProject section */
		425EA019252276B8003AE276 /* Project object */ = {
			isa = PBXProject;
			attributes = {
				LastSwiftUpdateCheck = 1160;
				LastUpgradeCheck = 1160;
				ORGANIZATIONNAME = "Gregorio Figueroa";
				TargetAttributes = {
					425EA020252276B8003AE276 = {
						CreatedOnToolsVersion = 11.6;
					};
				};
			};
			buildConfigurationList = 425EA01C252276B8003AE276 /* Build configuration list for PBXProject "taskTracker" */;
			compatibilityVersion = "Xcode 9.3";
			developmentRegion = en;
			hasScannedForEncodings = 0;
			knownRegions = (
				en,
				Base,
			);
			mainGroup = 425EA018252276B8003AE276;
			productRefGroup = 425EA022252276B8003AE276 /* Products */;
			projectDirPath = "";
			projectRoot = "";
			targets = (
				425EA020252276B8003AE276 /* taskTracker */,
			);
		};
/* End PBXProject section */

/* Begin PBXResourcesBuildPhase section */
		425EA01F252276B8003AE276 /* Resources */ = {
			isa = PBXResourcesBuildPhase;
			buildActionMask = 2147483647;
			files = (
				425EA031252276BB003AE276 /* LaunchScreen.storyboard in Resources */,
				425EA02E252276BB003AE276 /* Assets.xcassets in Resources */,
				425EA02C252276B8003AE276 /* Main.storyboard in Resources */,
			);
			runOnlyForDeploymentPostprocessing = 0;
		};
/* End PBXResourcesBuildPhase section */

/* Begin PBXShellScriptBuildPhase section */
		483026E3FDF21F48F28EFA05 /* [CP] Check Pods Manifest.lock */ = {
			isa = PBXShellScriptBuildPhase;
			buildActionMask = 2147483647;
			files = (
			);
			inputFileListPaths = (
			);
			inputPaths = (
				"${PODS_PODFILE_DIR_PATH}/Podfile.lock",
				"${PODS_ROOT}/Manifest.lock",
			);
			name = "[CP] Check Pods Manifest.lock";
			outputFileListPaths = (
			);
			outputPaths = (
				"$(DERIVED_FILE_DIR)/Pods-taskTracker-checkManifestLockResult.txt",
			);
			runOnlyForDeploymentPostprocessing = 0;
			shellPath = /bin/sh;
			shellScript = "diff \"${PODS_PODFILE_DIR_PATH}/Podfile.lock\" \"${PODS_ROOT}/Manifest.lock\" > /dev/null\nif [ $? != 0 ] ; then\n    # print error to STDERR\n    echo \"error: The sandbox is not in sync with the Podfile.lock. Run 'pod install' or update your CocoaPods installation.\" >&2\n    exit 1\nfi\n# This output is used by Xcode 'outputs' to avoid re-running this script phase.\necho \"SUCCESS\" > \"${SCRIPT_OUTPUT_FILE_0}\"\n";
			showEnvVarsInLog = 0;
		};
		FE31C2FACDEF02718B0B6BEB /* [CP] Embed Pods Frameworks */ = {
			isa = PBXShellScriptBuildPhase;
			buildActionMask = 2147483647;
			files = (
			);
			inputFileListPaths = (
				"${PODS_ROOT}/Target Support Files/Pods-taskTracker/Pods-taskTracker-frameworks-${CONFIGURATION}-input-files.xcfilelist",
			);
			name = "[CP] Embed Pods Frameworks";
			outputFileListPaths = (
				"${PODS_ROOT}/Target Support Files/Pods-taskTracker/Pods-taskTracker-frameworks-${CONFIGURATION}-output-files.xcfilelist",
			);
			runOnlyForDeploymentPostprocessing = 0;
			shellPath = /bin/sh;
			shellScript = "\"${PODS_ROOT}/Target Support Files/Pods-taskTracker/Pods-taskTracker-frameworks.sh\"\n";
			showEnvVarsInLog = 0;
		};
/* End PBXShellScriptBuildPhase section */

/* Begin PBXSourcesBuildPhase section */
		425EA01D252276B8003AE276 /* Sources */ = {
			isa = PBXSourcesBuildPhase;
			buildActionMask = 2147483647;
			files = (
				425EA029252276B8003AE276 /* ViewController.swift in Sources */,
				421365FC25227B0700EFFD65 /* WelcomeViewController.swift in Sources */,
				425EA025252276B8003AE276 /* AppDelegate.swift in Sources */,
				425EA027252276B8003AE276 /* SceneDelegate.swift in Sources */,
			);
			runOnlyForDeploymentPostprocessing = 0;
		};
/* End PBXSourcesBuildPhase section */

/* Begin PBXVariantGroup section */
		425EA02A252276B8003AE276 /* Main.storyboard */ = {
			isa = PBXVariantGroup;
			children = (
				425EA02B252276B8003AE276 /* Base */,
			);
			name = Main.storyboard;
			sourceTree = "<group>";
		};
		425EA02F252276BB003AE276 /* LaunchScreen.storyboard */ = {
			isa = PBXVariantGroup;
			children = (
				425EA030252276BB003AE276 /* Base */,
			);
			name = LaunchScreen.storyboard;
			sourceTree = "<group>";
		};
/* End PBXVariantGroup section */

/* Begin XCBuildConfiguration section */
		425EA033252276BB003AE276 /* Debug */ = {
			isa = XCBuildConfiguration;
			buildSettings = {
				ALWAYS_SEARCH_USER_PATHS = NO;
				CLANG_ANALYZER_NONNULL = YES;
				CLANG_ANALYZER_NUMBER_OBJECT_CONVERSION = YES_AGGRESSIVE;
				CLANG_CXX_LANGUAGE_STANDARD = "gnu++14";
				CLANG_CXX_LIBRARY = "libc++";
				CLANG_ENABLE_MODULES = YES;
				CLANG_ENABLE_OBJC_ARC = YES;
				CLANG_ENABLE_OBJC_WEAK = YES;
				CLANG_WARN_BLOCK_CAPTURE_AUTORELEASING = YES;
				CLANG_WARN_BOOL_CONVERSION = YES;
				CLANG_WARN_COMMA = YES;
				CLANG_WARN_CONSTANT_CONVERSION = YES;
				CLANG_WARN_DEPRECATED_OBJC_IMPLEMENTATIONS = YES;
				CLANG_WARN_DIRECT_OBJC_ISA_USAGE = YES_ERROR;
				CLANG_WARN_DOCUMENTATION_COMMENTS = YES;
				CLANG_WARN_EMPTY_BODY = YES;
				CLANG_WARN_ENUM_CONVERSION = YES;
				CLANG_WARN_INFINITE_RECURSION = YES;
				CLANG_WARN_INT_CONVERSION = YES;
				CLANG_WARN_NON_LITERAL_NULL_CONVERSION = YES;
				CLANG_WARN_OBJC_IMPLICIT_RETAIN_SELF = YES;
				CLANG_WARN_OBJC_LITERAL_CONVERSION = YES;
				CLANG_WARN_OBJC_ROOT_CLASS = YES_ERROR;
				CLANG_WARN_RANGE_LOOP_ANALYSIS = YES;
				CLANG_WARN_STRICT_PROTOTYPES = YES;
				CLANG_WARN_SUSPICIOUS_MOVE = YES;
				CLANG_WARN_UNGUARDED_AVAILABILITY = YES_AGGRESSIVE;
				CLANG_WARN_UNREACHABLE_CODE = YES;
				CLANG_WARN__DUPLICATE_METHOD_MATCH = YES;
				COPY_PHASE_STRIP = NO;
				DEBUG_INFORMATION_FORMAT = dwarf;
				ENABLE_STRICT_OBJC_MSGSEND = YES;
				ENABLE_TESTABILITY = YES;
				GCC_C_LANGUAGE_STANDARD = gnu11;
				GCC_DYNAMIC_NO_PIC = NO;
				GCC_NO_COMMON_BLOCKS = YES;
				GCC_OPTIMIZATION_LEVEL = 0;
				GCC_PREPROCESSOR_DEFINITIONS = (
					"DEBUG=1",
					"$(inherited)",
				);
				GCC_WARN_64_TO_32_BIT_CONVERSION = YES;
				GCC_WARN_ABOUT_RETURN_TYPE = YES_ERROR;
				GCC_WARN_UNDECLARED_SELECTOR = YES;
				GCC_WARN_UNINITIALIZED_AUTOS = YES_AGGRESSIVE;
				GCC_WARN_UNUSED_FUNCTION = YES;
				GCC_WARN_UNUSED_VARIABLE = YES;
				IPHONEOS_DEPLOYMENT_TARGET = 13.6;
				MTL_ENABLE_DEBUG_INFO = INCLUDE_SOURCE;
				MTL_FAST_MATH = YES;
				ONLY_ACTIVE_ARCH = YES;
				SDKROOT = iphoneos;
				SWIFT_ACTIVE_COMPILATION_CONDITIONS = DEBUG;
				SWIFT_OPTIMIZATION_LEVEL = "-Onone";
			};
			name = Debug;
		};
		425EA034252276BB003AE276 /* Release */ = {
			isa = XCBuildConfiguration;
			buildSettings = {
				ALWAYS_SEARCH_USER_PATHS = NO;
				CLANG_ANALYZER_NONNULL = YES;
				CLANG_ANALYZER_NUMBER_OBJECT_CONVERSION = YES_AGGRESSIVE;
				CLANG_CXX_LANGUAGE_STANDARD = "gnu++14";
				CLANG_CXX_LIBRARY = "libc++";
				CLANG_ENABLE_MODULES = YES;
				CLANG_ENABLE_OBJC_ARC = YES;
				CLANG_ENABLE_OBJC_WEAK = YES;
				CLANG_WARN_BLOCK_CAPTURE_AUTORELEASING = YES;
				CLANG_WARN_BOOL_CONVERSION = YES;
				CLANG_WARN_COMMA = YES;
				CLANG_WARN_CONSTANT_CONVERSION = YES;
				CLANG_WARN_DEPRECATED_OBJC_IMPLEMENTATIONS = YES;
				CLANG_WARN_DIRECT_OBJC_ISA_USAGE = YES_ERROR;
				CLANG_WARN_DOCUMENTATION_COMMENTS = YES;
				CLANG_WARN_EMPTY_BODY = YES;
				CLANG_WARN_ENUM_CONVERSION = YES;
				CLANG_WARN_INFINITE_RECURSION = YES;
				CLANG_WARN_INT_CONVERSION = YES;
				CLANG_WARN_NON_LITERAL_NULL_CONVERSION = YES;
				CLANG_WARN_OBJC_IMPLICIT_RETAIN_SELF = YES;
				CLANG_WARN_OBJC_LITERAL_CONVERSION = YES;
				CLANG_WARN_OBJC_ROOT_CLASS = YES_ERROR;
				CLANG_WARN_RANGE_LOOP_ANALYSIS = YES;
				CLANG_WARN_STRICT_PROTOTYPES = YES;
				CLANG_WARN_SUSPICIOUS_MOVE = YES;
				CLANG_WARN_UNGUARDED_AVAILABILITY = YES_AGGRESSIVE;
				CLANG_WARN_UNREACHABLE_CODE = YES;
				CLANG_WARN__DUPLICATE_METHOD_MATCH = YES;
				COPY_PHASE_STRIP = NO;
				DEBUG_INFORMATION_FORMAT = "dwarf-with-dsym";
				ENABLE_NS_ASSERTIONS = NO;
				ENABLE_STRICT_OBJC_MSGSEND = YES;
				GCC_C_LANGUAGE_STANDARD = gnu11;
				GCC_NO_COMMON_BLOCKS = YES;
				GCC_WARN_64_TO_32_BIT_CONVERSION = YES;
				GCC_WARN_ABOUT_RETURN_TYPE = YES_ERROR;
				GCC_WARN_UNDECLARED_SELECTOR = YES;
				GCC_WARN_UNINITIALIZED_AUTOS = YES_AGGRESSIVE;
				GCC_WARN_UNUSED_FUNCTION = YES;
				GCC_WARN_UNUSED_VARIABLE = YES;
				IPHONEOS_DEPLOYMENT_TARGET = 13.6;
				MTL_ENABLE_DEBUG_INFO = NO;
				MTL_FAST_MATH = YES;
				SDKROOT = iphoneos;
				SWIFT_COMPILATION_MODE = wholemodule;
				SWIFT_OPTIMIZATION_LEVEL = "-O";
				VALIDATE_PRODUCT = YES;
			};
			name = Release;
		};
		425EA036252276BB003AE276 /* Debug */ = {
			isa = XCBuildConfiguration;
			baseConfigurationReference = 7B9FD9EED044CCC9470F9C67 /* Pods-taskTracker.debug.xcconfig */;
			buildSettings = {
				ASSETCATALOG_COMPILER_APPICON_NAME = AppIcon;
				CODE_SIGN_STYLE = Automatic;
				INFOPLIST_FILE = taskTracker/Info.plist;
				LD_RUNPATH_SEARCH_PATHS = (
					"$(inherited)",
					"@executable_path/Frameworks",
				);
				PRODUCT_BUNDLE_IDENTIFIER = CrystalProductions.taskTracker;
				PRODUCT_NAME = "$(TARGET_NAME)";
				SWIFT_VERSION = 5.0;
				TARGETED_DEVICE_FAMILY = "1,2";
			};
			name = Debug;
		};
		425EA037252276BB003AE276 /* Release */ = {
			isa = XCBuildConfiguration;
			baseConfigurationReference = 4830527FA5403ECD81E0BD70 /* Pods-taskTracker.release.xcconfig */;
			buildSettings = {
				ASSETCATALOG_COMPILER_APPICON_NAME = AppIcon;
				CODE_SIGN_STYLE = Automatic;
				INFOPLIST_FILE = taskTracker/Info.plist;
				LD_RUNPATH_SEARCH_PATHS = (
					"$(inherited)",
					"@executable_path/Frameworks",
				);
				PRODUCT_BUNDLE_IDENTIFIER = CrystalProductions.taskTracker;
				PRODUCT_NAME = "$(TARGET_NAME)";
				SWIFT_VERSION = 5.0;
				TARGETED_DEVICE_FAMILY = "1,2";
			};
			name = Release;
		};
/* End XCBuildConfiguration section */

/* Begin XCConfigurationList section */
		425EA01C252276B8003AE276 /* Build configuration list for PBXProject "taskTracker" */ = {
			isa = XCConfigurationList;
			buildConfigurations = (
				425EA033252276BB003AE276 /* Debug */,
				425EA034252276BB003AE276 /* Release */,
			);
			defaultConfigurationIsVisible = 0;
			defaultConfigurationName = Release;
		};
		425EA035252276BB003AE276 /* Build configuration list for PBXNativeTarget "taskTracker" */ = {
			isa = XCConfigurationList;
			buildConfigurations = (
				425EA036252276BB003AE276 /* Debug */,
				425EA037252276BB003AE276 /* Release */,
			);
			defaultConfigurationIsVisible = 0;
			defaultConfigurationName = Release;
		};
/* End XCConfigurationList section */
	};
	rootObject = 425EA019252276B8003AE276 /* Project object */;
}
